
Microsoft Visual Studio Solution File, Format Version 12.00
# Blend for Visual Studio 14
VisualStudioVersion = 14.0.25420.1
MinimumVisualStudioVersion = 10.0.40219.1
Project("{FAE04EC0-301F-11D3-BF4B-00C04F79EFBC}") = "FileExplorer", "FileExplorer\FileExplorer.csproj", "{76295CD4-637B-4E22-91DF-A13BA52FB79B}"
EndProject
Project("{FAE04EC0-301F-11D3-BF4B-00C04F79EFBC}") = "WCFServer", "WCFServer\WCFServer.csproj", "{791A805B-B924-428F-8495-54A8A6B7B8DC}"
EndProject
Project("{FAE04EC0-301F-11D3-BF4B-00C04F79EFBC}") = "WCFClient", "WCFClient\WCFClient.csproj", "{EC9C5711-7F32-4E2F-9ADF-AD9952B52C54}"
EndProject
Project("{FAE04EC0-301F-11D3-BF4B-00C04F79EFBC}") = "MongoMQTest", "MongoMQTest\MongoMQTest.csproj", "{4BD796E4-4E7F-403D-85D5-C6A6E793D1FE}"
EndProject
Project("{FAE04EC0-301F-11D3-BF4B-00C04F79EFBC}") = "HttpFileUploader", "HttpFileUploader\HttpFileUploader.csproj", "{4A938D68-8601-4113-B032-3921415F9DF7}"
EndProject
Project("{FAE04EC0-301F-11D3-BF4B-00C04F79EFBC}") = "DiagramDesigner", "DiagramDesigner\DiagramDesigner.csproj", "{B437DF5F-20E0-4082-A92E-5C1D9C31A8E9}"
EndProject
Global
	GlobalSection(SolutionConfigurationPlatforms) = preSolution
		Debug|Any CPU = Debug|Any CPU
		Debug|Mixed Platforms = Debug|Mixed Platforms
		Debug|x86 = Debug|x86
		Release|Any CPU = Release|Any CPU
		Release|Mixed Platforms = Release|Mixed Platforms
		Release|x86 = Release|x86
	EndGlobalSection
	GlobalSection(ProjectConfigurationPlatforms) = postSolution
		{76295CD4-637B-4E22-91DF-A13BA52FB79B}.Debug|Any CPU.ActiveCfg = Debug|Any CPU
		{76295CD4-637B-4E22-91DF-A13BA52FB79B}.Debug|Any CPU.Build.0 = Debug|Any CPU
		{76295CD4-637B-4E22-91DF-A13BA52FB79B}.Debug|Mixed Platforms.ActiveCfg = Debug|Any CPU
		{76295CD4-637B-4E22-91DF-A13BA52FB79B}.Debug|x86.ActiveCfg = Debug|Any CPU
		{76295CD4-637B-4E22-91DF-A13BA52FB79B}.Release|Any CPU.ActiveCfg = Release|Any CPU
		{76295CD4-637B-4E22-91DF-A13BA52FB79B}.Release|Any CPU.Build.0 = Release|Any CPU
		{76295CD4-637B-4E22-91DF-A13BA52FB79B}.Release|Mixed Platforms.ActiveCfg = Release|Any CPU
		{76295CD4-637B-4E22-91DF-A13BA52FB79B}.Release|x86.ActiveCfg = Release|Any CPU
		{791A805B-B924-428F-8495-54A8A6B7B8DC}.Debug|Any CPU.ActiveCfg = Debug|Any CPU
		{791A805B-B924-428F-8495-54A8A6B7B8DC}.Debug|Any CPU.Build.0 = Debug|Any CPU
		{791A805B-B924-428F-8495-54A8A6B7B8DC}.Debug|Mixed Platforms.ActiveCfg = Debug|Any CPU
		{791A805B-B924-428F-8495-54A8A6B7B8DC}.Debug|x86.ActiveCfg = Debug|Any CPU
		{791A805B-B924-428F-8495-54A8A6B7B8DC}.Release|Any CPU.ActiveCfg = Release|Any CPU
		{791A805B-B924-428F-8495-54A8A6B7B8DC}.Release|Any CPU.Build.0 = Release|Any CPU
		{791A805B-B924-428F-8495-54A8A6B7B8DC}.Release|Mixed Platforms.ActiveCfg = Release|Any CPU
		{791A805B-B924-428F-8495-54A8A6B7B8DC}.Release|x86.ActiveCfg = Release|Any CPU
		{EC9C5711-7F32-4E2F-9ADF-AD9952B52C54}.Debug|Any CPU.ActiveCfg = Debug|Any CPU
		{EC9C5711-7F32-4E2F-9ADF-AD9952B52C54}.Debug|Any CPU.Build.0 = Debug|Any CPU
		{EC9C5711-7F32-4E2F-9ADF-AD9952B52C54}.Debug|Mixed Platforms.ActiveCfg = Debug|Any CPU
		{EC9C5711-7F32-4E2F-9ADF-AD9952B52C54}.Debug|x86.ActiveCfg = Debug|Any CPU
		{EC9C5711-7F32-4E2F-9ADF-AD9952B52C54}.Release|Any CPU.ActiveCfg = Release|Any CPU
		{EC9C5711-7F32-4E2F-9ADF-AD9952B52C54}.Release|Any CPU.Build.0 = Release|Any CPU
		{EC9C5711-7F32-4E2F-9ADF-AD9952B52C54}.Release|Mixed Platforms.ActiveCfg = Release|Any CPU
		{EC9C5711-7F32-4E2F-9ADF-AD9952B52C54}.Release|x86.ActiveCfg = Release|Any CPU
		{4BD796E4-4E7F-403D-85D5-C6A6E793D1FE}.Debug|Any CPU.ActiveCfg = Debug|Any CPU
		{4BD796E4-4E7F-403D-85D5-C6A6E793D1FE}.Debug|Any CPU.Build.0 = Debug|Any CPU
		{4BD796E4-4E7F-403D-85D5-C6A6E793D1FE}.Debug|Mixed Platforms.ActiveCfg = Debug|Any CPU
		{4BD796E4-4E7F-403D-85D5-C6A6E793D1FE}.Debug|x86.ActiveCfg = Debug|Any CPU
		{4BD796E4-4E7F-403D-85D5-C6A6E793D1FE}.Debug|x86.Build.0 = Debug|Any CPU
		{4BD796E4-4E7F-403D-85D5-C6A6E793D1FE}.Release|Any CPU.ActiveCfg = Release|Any CPU
		{4BD796E4-4E7F-403D-85D5-C6A6E793D1FE}.Release|Any CPU.Build.0 = Release|Any CPU
		{4BD796E4-4E7F-403D-85D5-C6A6E793D1FE}.Release|Mixed Platforms.ActiveCfg = Release|Any CPU
		{4BD796E4-4E7F-403D-85D5-C6A6E793D1FE}.Release|Mixed Platforms.Build.0 = Release|Any CPU
		{4BD796E4-4E7F-403D-85D5-C6A6E793D1FE}.Release|x86.ActiveCfg = Release|Any CPU
		{4BD796E4-4E7F-403D-85D5-C6A6E793D1FE}.Release|x86.Build.0 = Release|Any CPU
		{4A938D68-8601-4113-B032-3921415F9DF7}.Debug|Any CPU.ActiveCfg = Debug|Any CPU
		{4A938D68-8601-4113-B032-3921415F9DF7}.Debug|Any CPU.Build.0 = Debug|Any CPU
		{4A938D68-8601-4113-B032-3921415F9DF7}.Debug|Mixed Platforms.ActiveCfg = Debug|Any CPU
		{4A938D68-8601-4113-B032-3921415F9DF7}.Debug|Mixed Platforms.Build.0 = Debug|Any CPU
		{4A938D68-8601-4113-B032-3921415F9DF7}.Debug|x86.ActiveCfg = Debug|Any CPU
		{4A938D68-8601-4113-B032-3921415F9DF7}.Debug|x86.Build.0 = Debug|Any CPU
		{4A938D68-8601-4113-B032-3921415F9DF7}.Release|Any CPU.ActiveCfg = Release|Any CPU
		{4A938D68-8601-4113-B032-3921415F9DF7}.Release|Any CPU.Build.0 = Release|Any CPU
		{4A938D68-8601-4113-B032-3921415F9DF7}.Release|Mixed Platforms.ActiveCfg = Release|Any CPU
		{4A938D68-8601-4113-B032-3921415F9DF7}.Release|Mixed Platforms.Build.0 = Release|Any CPU
		{4A938D68-8601-4113-B032-3921415F9DF7}.Release|x86.ActiveCfg = Release|Any CPU
		{4A938D68-8601-4113-B032-3921415F9DF7}.Release|x86.Build.0 = Release|Any CPU
		{B437DF5F-20E0-4082-A92E-5C1D9C31A8E9}.Debug|Any CPU.ActiveCfg = Debug|Any CPU
		{B437DF5F-20E0-4082-A92E-5C1D9C31A8E9}.Debug|Any CPU.Build.0 = Debug|Any CPU
		{B437DF5F-20E0-4082-A92E-5C1D9C31A8E9}.Debug|Mixed Platforms.ActiveCfg = Debug|Any CPU
		{B437DF5F-20E0-4082-A92E-5C1D9C31A8E9}.Debug|Mixed Platforms.Build.0 = Debug|Any CPU
		{B437DF5F-20E0-4082-A92E-5C1D9C31A8E9}.Debug|x86.ActiveCfg = Debug|Any CPU
		{B437DF5F-20E0-4082-A92E-5C1D9C31A8E9}.Debug|x86.Build.0 = Debug|Any CPU
		{B437DF5F-20E0-4082-A92E-5C1D9C31A8E9}.Release|Any CPU.ActiveCfg = Release|Any CPU
		{B437DF5F-20E0-4082-A92E-5C1D9C31A8E9}.Release|Any CPU.Build.0 = Release|Any CPU
		{B437DF5F-20E0-4082-A92E-5C1D9C31A8E9}.Release|Mixed Platforms.ActiveCfg = Release|Any CPU
		{B437DF5F-20E0-4082-A92E-5C1D9C31A8E9}.Release|Mixed Platforms.Build.0 = Release|Any CPU
		{B437DF5F-20E0-4082-A92E-5C1D9C31A8E9}.Release|x86.ActiveCfg = Release|Any CPU
		{B437DF5F-20E0-4082-A92E-5C1D9C31A8E9}.Release|x86.Build.0 = Release|Any CPU
	EndGlobalSection
	GlobalSection(SolutionProperties) = preSolution
		HideSolutionNode = FALSE
	EndGlobalSection
EndGlobal
